
Microsoft Visual Studio Solution File, Format Version 12.00
# Visual Studio 2012
Project("{FAE04EC0-301F-11D3-BF4B-00C04F79EFBC}") = "PlotProjectsExample-Android", "PlotProjectsExample-Android\PlotProjectsExample-Android.csproj", "{BDEE9D1F-EC6F-4FFF-860D-8E97B8C1B0DF}"
EndProject
Global
	GlobalSection(SolutionConfigurationPlatforms) = preSolution
		Debug|Any CPU = Debug|Any CPU
		Release|Any CPU = Release|Any CPU
	EndGlobalSection
	GlobalSection(ProjectConfigurationPlatforms) = postSolution
		{BDEE9D1F-EC6F-4FFF-860D-8E97B8C1B0DF}.Debug|Any CPU.ActiveCfg = Debug|Any CPU
		{BDEE9D1F-EC6F-4FFF-860D-8E97B8C1B0DF}.Debug|Any CPU.Build.0 = Debug|Any CPU
		{BDEE9D1F-EC6F-4FFF-860D-8E97B8C1B0DF}.Release|Any CPU.ActiveCfg = Release|Any CPU
		{BDEE9D1F-EC6F-4FFF-860D-8E97B8C1B0DF}.Release|Any CPU.Build.0 = Release|Any CPU
	EndGlobalSection
EndGlobal
